
Microsoft Visual Studio Solution File, Format Version 12.00
# Visual Studio Version 17
VisualStudioVersion = 17.9.34723.18
MinimumVisualStudioVersion = 10.0.40219.1
Project("{FAE04EC0-301F-11D3-BF4B-00C04F79EFBC}") = "Lab 1 MVC", "Lab 1 MVC\Lab 1 MVC.csproj", "{45D6DADF-CC56-4EA8-8C4A-2F183EE8BF99}"
EndProject
Global
	GlobalSection(SolutionConfigurationPlatforms) = preSolution
		Debug|Any CPU = Debug|Any CPU
		Release|Any CPU = Release|Any CPU
	EndGlobalSection
	GlobalSection(ProjectConfigurationPlatforms) = postSolution
		{45D6DADF-CC56-4EA8-8C4A-2F183EE8BF99}.Debug|Any CPU.ActiveCfg = Debug|Any CPU
		{45D6DADF-CC56-4EA8-8C4A-2F183EE8BF99}.Debug|Any CPU.Build.0 = Debug|Any CPU
		{45D6DADF-CC56-4EA8-8C4A-2F183EE8BF99}.Release|Any CPU.ActiveCfg = Release|Any CPU
		{45D6DADF-CC56-4EA8-8C4A-2F183EE8BF99}.Release|Any CPU.Build.0 = Release|Any CPU
	EndGlobalSection
	GlobalSection(SolutionProperties) = preSolution
		HideSolutionNode = FALSE
	EndGlobalSection
	GlobalSection(ExtensibilityGlobals) = postSolution
		SolutionGuid = {54A13553-9EFD-4B1C-B528-DB33FC9BE4C3}
	EndGlobalSection
EndGlobal
